{
  "name": "ninjascheck",
  "version": "1.0.0",
  "lockfileVersion": 3,
  "requires": true,
  "packages": {
    "": {
      "name": "ninjascheck",
      "version": "1.0.0",
      "license": "ISC",
      "dependencies": {
        "emoji-strip": "^1.0.1"
      }
    },
    "node_modules/emoji-regex": {
      "version": "6.5.1",
      "resolved": "https://registry.npmjs.org/emoji-regex/-/emoji-regex-6.5.1.tgz",
      "integrity": "sha512-PAHp6TxrCy7MGMFidro8uikr+zlJJKJ/Q6mm2ExZ7HwkyR9lSVFfE3kt36qcwa24BQL7y0G9axycGjK1A/0uNQ=="
    },
    "node_modules/emoji-strip": {
      "version": "1.0.1",
      "resolved": "https://registry.npmjs.org/emoji-strip/-/emoji-strip-1.0.1.tgz",
      "integrity": "sha512-1iU1Bz98ziALBnMTzQHKB104vntCokqgdmJIP9p1eM0Musc3WQ4y8C5noIckorxJ1vihZCTv2lyXMTM1UsemPg==",
      "dependencies": {
        "emoji-regex": "^6.1.3"
      }
    }
  }
}
